
Microsoft Visual Studio Solution File, Format Version 12.00
# Visual Studio Version 17
VisualStudioVersion = 17.5.002.0
MinimumVisualStudioVersion = 10.0.40219.1
Project("{9A19103F-16F7-4668-BE54-9A1E7A4F7556}") = "DesafioFundamentos", "DesafioFundamentos.csproj", "{70A337D5-851A-4448-B5E6-88DA603D49F8}"
EndProject
Global
	GlobalSection(SolutionConfigurationPlatforms) = preSolution
		Debug|Any CPU = Debug|Any CPU
		Release|Any CPU = Release|Any CPU
	EndGlobalSection
	GlobalSection(ProjectConfigurationPlatforms) = postSolution
		{70A337D5-851A-4448-B5E6-88DA603D49F8}.Debug|Any CPU.ActiveCfg = Debug|Any CPU
		{70A337D5-851A-4448-B5E6-88DA603D49F8}.Debug|Any CPU.Build.0 = Debug|Any CPU
		{70A337D5-851A-4448-B5E6-88DA603D49F8}.Release|Any CPU.ActiveCfg = Release|Any CPU
		{70A337D5-851A-4448-B5E6-88DA603D49F8}.Release|Any CPU.Build.0 = Release|Any CPU
	EndGlobalSection
	GlobalSection(SolutionProperties) = preSolution
		HideSolutionNode = FALSE
	EndGlobalSection
	GlobalSection(ExtensibilityGlobals) = postSolution
		SolutionGuid = {7A3BBEBB-7B6F-4F2F-996E-3EC592ED1975}
	EndGlobalSection
EndGlobal
